
Microsoft Visual Studio Solution File, Format Version 12.00
# Visual Studio 15
VisualStudioVersion = 15.0.28307.539
MinimumVisualStudioVersion = 10.0.40219.1
Project("{FAE04EC0-301F-11D3-BF4B-00C04F79EFBC}") = "fa_converter_3", "fa_converter_3\fa_converter_3.csproj", "{EEB3C5E0-33E0-410F-8A17-BD2D8F65CF33}"
EndProject
Global
	GlobalSection(SolutionConfigurationPlatforms) = preSolution
		Debug|Any CPU = Debug|Any CPU
		Release|Any CPU = Release|Any CPU
	EndGlobalSection
	GlobalSection(ProjectConfigurationPlatforms) = postSolution
		{EEB3C5E0-33E0-410F-8A17-BD2D8F65CF33}.Debug|Any CPU.ActiveCfg = Debug|Any CPU
		{EEB3C5E0-33E0-410F-8A17-BD2D8F65CF33}.Debug|Any CPU.Build.0 = Debug|Any CPU
		{EEB3C5E0-33E0-410F-8A17-BD2D8F65CF33}.Release|Any CPU.ActiveCfg = Release|Any CPU
		{EEB3C5E0-33E0-410F-8A17-BD2D8F65CF33}.Release|Any CPU.Build.0 = Release|Any CPU
	EndGlobalSection
	GlobalSection(SolutionProperties) = preSolution
		HideSolutionNode = FALSE
	EndGlobalSection
	GlobalSection(ExtensibilityGlobals) = postSolution
		SolutionGuid = {B34CAB58-4F3B-4208-B801-813A08927F4C}
	EndGlobalSection
EndGlobal
